Microsoft Visual Studio Solution File, Format Version 12.00
# Visual Studio 2017
Project("{2150E333-8FDC-42A3-9474-1A3956D46DE8}") = "(client)", "..\..\tools\windows\client", "{B05EE866-7301-8A46-8A8A-F9CEB18B6208}"
EndProject
Project("{2150E333-8FDC-42A3-9474-1A3956D46DE8}") = "(common)", "..\..\tools\windows\common", "{86DDC42D-492A-B7E2-29A9-DBF1D1AEDD7A}"
EndProject
Project("{2150E333-8FDC-42A3-9474-1A3956D46DE8}") = "(unittests)", "..\..\tools\windows\client\windows\unittests", "{42E42CDA-5FD3-9BC1-D8FF-44951E05E4D9}"
EndProject
Project("{2150E333-8FDC-42A3-9474-1A3956D46DE8}") = "(windows)", "..\..\tools\windows\common\windows", "{33970CEB-6F70-7C5A-FAD3-E46F8BC37A5C}"
EndProject
Project("{2150E333-8FDC-42A3-9474-1A3956D46DE8}") = "(windows)", "..\..\tools\windows\client\windows", "{96CB0F4F-A2EB-195A-B0B1-E4F2A2F4C03D}"
EndProject
Project("{8BC9CEB8-8B4A-11D0-8D11-00A0C91BC942}") = "common_windows_lib", "common_windows_lib.vcxproj", "{F96DEEDE-5D1A-14C8-6038-C161A905E568}"
	ProjectSection(ProjectDependencies) = postProject
		{CCB996BA-617F-8128-CFD8-25EB4EE4E2FF} = {CCB996BA-617F-8128-CFD8-25EB4EE4E2FF}
	EndProjectSection
EndProject
Project("{8BC9CEB8-8B4A-11D0-8D11-00A0C91BC942}") = "common_windows_unittests", "common_windows_unittests.vcxproj", "{7245B387-842E-117B-14F4-204EAED2BCF9}"
	ProjectSection(ProjectDependencies) = postProject
		{8BAE12DF-F41A-D7A5-1267-E707C73CFE96} = {8BAE12DF-F41A-D7A5-1267-E707C73CFE96}
		{63A06EE6-F15B-6D0B-6F9D-EDE1D2F136C6} = {63A06EE6-F15B-6D0B-6F9D-EDE1D2F136C6}
		{F96DEEDE-5D1A-14C8-6038-C161A905E568} = {F96DEEDE-5D1A-14C8-6038-C161A905E568}
		{CCB996BA-617F-8128-CFD8-25EB4EE4E2FF} = {CCB996BA-617F-8128-CFD8-25EB4EE4E2FF}
	EndProjectSection
EndProject
Project("{8BC9CEB8-8B4A-11D0-8D11-00A0C91BC942}") = "dia_sdk", "dia_sdk.vcxproj", "{CCB996BA-617F-8128-CFD8-25EB4EE4E2FF}"
EndProject
Project("{8BC9CEB8-8B4A-11D0-8D11-00A0C91BC942}") = "gmock", "..\..\client\windows\unittests\gmock.vcxproj", "{8BAE12DF-F41A-D7A5-1267-E707C73CFE96}"
EndProject
Project("{8BC9CEB8-8B4A-11D0-8D11-00A0C91BC942}") = "gtest", "..\..\client\windows\unittests\gtest.vcxproj", "{63A06EE6-F15B-6D0B-6F9D-EDE1D2F136C6}"
EndProject
Global
	GlobalSection(SolutionConfigurationPlatforms) = preSolution
		Debug|Win32 = Debug|Win32
		Debug|x64 = Debug|x64
		Purify|Win32 = Purify|Win32
		Purify|x64 = Purify|x64
		Release|x64 = Release|x64
		Release|Win32 = Release|Win32
	EndGlobalSection
	GlobalSection(ProjectConfigurationPlatforms) = postSolution
		{63A06EE6-F15B-6D0B-6F9D-EDE1D2F136C6}.Debug|Win32.ActiveCfg = Debug|Win32
		{63A06EE6-F15B-6D0B-6F9D-EDE1D2F136C6}.Debug|Win32.Build.0 = Debug|Win32
		{63A06EE6-F15B-6D0B-6F9D-EDE1D2F136C6}.Debug|x64.ActiveCfg = Debug|x64
		{63A06EE6-F15B-6D0B-6F9D-EDE1D2F136C6}.Debug|x64.Build.0 = Debug|x64
		{63A06EE6-F15B-6D0B-6F9D-EDE1D2F136C6}.Purify|Win32.ActiveCfg = Purify|Win32
		{63A06EE6-F15B-6D0B-6F9D-EDE1D2F136C6}.Purify|Win32.Build.0 = Purify|Win32
		{63A06EE6-F15B-6D0B-6F9D-EDE1D2F136C6}.Purify|x64.ActiveCfg = Purify|x64
		{63A06EE6-F15B-6D0B-6F9D-EDE1D2F136C6}.Purify|x64.Build.0 = Purify|x64
		{63A06EE6-F15B-6D0B-6F9D-EDE1D2F136C6}.Release|x64.ActiveCfg = Release|x64
		{63A06EE6-F15B-6D0B-6F9D-EDE1D2F136C6}.Release|x64.Build.0 = Release|x64
		{63A06EE6-F15B-6D0B-6F9D-EDE1D2F136C6}.Release|Win32.ActiveCfg = Release|Win32
		{63A06EE6-F15B-6D0B-6F9D-EDE1D2F136C6}.Release|Win32.Build.0 = Release|Win32
		{7245B387-842E-117B-14F4-204EAED2BCF9}.Debug|Win32.ActiveCfg = Debug|Win32
		{7245B387-842E-117B-14F4-204EAED2BCF9}.Debug|Win32.Build.0 = Debug|Win32
		{7245B387-842E-117B-14F4-204EAED2BCF9}.Debug|x64.ActiveCfg = Debug|x64
		{7245B387-842E-117B-14F4-204EAED2BCF9}.Debug|x64.Build.0 = Debug|x64
		{7245B387-842E-117B-14F4-204EAED2BCF9}.Purify|Win32.ActiveCfg = Purify|Win32
		{7245B387-842E-117B-14F4-204EAED2BCF9}.Purify|Win32.Build.0 = Purify|Win32
		{7245B387-842E-117B-14F4-204EAED2BCF9}.Purify|x64.ActiveCfg = Purify|x64
		{7245B387-842E-117B-14F4-204EAED2BCF9}.Purify|x64.Build.0 = Purify|x64
		{7245B387-842E-117B-14F4-204EAED2BCF9}.Release|x64.ActiveCfg = Release|x64
		{7245B387-842E-117B-14F4-204EAED2BCF9}.Release|x64.Build.0 = Release|x64
		{7245B387-842E-117B-14F4-204EAED2BCF9}.Release|Win32.ActiveCfg = Release|Win32
		{7245B387-842E-117B-14F4-204EAED2BCF9}.Release|Win32.Build.0 = Release|Win32
		{8BAE12DF-F41A-D7A5-1267-E707C73CFE96}.Debug|Win32.ActiveCfg = Debug|Win32
		{8BAE12DF-F41A-D7A5-1267-E707C73CFE96}.Debug|Win32.Build.0 = Debug|Win32
		{8BAE12DF-F41A-D7A5-1267-E707C73CFE96}.Debug|x64.ActiveCfg = Debug|x64
		{8BAE12DF-F41A-D7A5-1267-E707C73CFE96}.Debug|x64.Build.0 = Debug|x64
		{8BAE12DF-F41A-D7A5-1267-E707C73CFE96}.Purify|Win32.ActiveCfg = Purify|Win32
		{8BAE12DF-F41A-D7A5-1267-E707C73CFE96}.Purify|Win32.Build.0 = Purify|Win32
		{8BAE12DF-F41A-D7A5-1267-E707C73CFE96}.Purify|x64.ActiveCfg = Purify|x64
		{8BAE12DF-F41A-D7A5-1267-E707C73CFE96}.Purify|x64.Build.0 = Purify|x64
		{8BAE12DF-F41A-D7A5-1267-E707C73CFE96}.Release|x64.ActiveCfg = Release|x64
		{8BAE12DF-F41A-D7A5-1267-E707C73CFE96}.Release|x64.Build.0 = Release|x64
		{8BAE12DF-F41A-D7A5-1267-E707C73CFE96}.Release|Win32.ActiveCfg = Release|Win32
		{8BAE12DF-F41A-D7A5-1267-E707C73CFE96}.Release|Win32.Build.0 = Release|Win32
		{CCB996BA-617F-8128-CFD8-25EB4EE4E2FF}.Debug|Win32.ActiveCfg = Debug|Win32
		{CCB996BA-617F-8128-CFD8-25EB4EE4E2FF}.Debug|Win32.Build.0 = Debug|Win32
		{CCB996BA-617F-8128-CFD8-25EB4EE4E2FF}.Debug|x64.ActiveCfg = Debug|x64
		{CCB996BA-617F-8128-CFD8-25EB4EE4E2FF}.Debug|x64.Build.0 = Debug|x64
		{CCB996BA-617F-8128-CFD8-25EB4EE4E2FF}.Purify|Win32.ActiveCfg = Purify|Win32
		{CCB996BA-617F-8128-CFD8-25EB4EE4E2FF}.Purify|Win32.Build.0 = Purify|Win32
		{CCB996BA-617F-8128-CFD8-25EB4EE4E2FF}.Purify|x64.ActiveCfg = Purify|x64
		{CCB996BA-617F-8128-CFD8-25EB4EE4E2FF}.Purify|x64.Build.0 = Purify|x64
		{CCB996BA-617F-8128-CFD8-25EB4EE4E2FF}.Release|x64.ActiveCfg = Release|x64
		{CCB996BA-617F-8128-CFD8-25EB4EE4E2FF}.Release|x64.Build.0 = Release|x64
		{CCB996BA-617F-8128-CFD8-25EB4EE4E2FF}.Release|Win32.ActiveCfg = Release|Win32
		{CCB996BA-617F-8128-CFD8-25EB4EE4E2FF}.Release|Win32.Build.0 = Release|Win32
		{F96DEEDE-5D1A-14C8-6038-C161A905E568}.Debug|Win32.ActiveCfg = Debug|Win32
		{F96DEEDE-5D1A-14C8-6038-C161A905E568}.Debug|Win32.Build.0 = Debug|Win32
		{F96DEEDE-5D1A-14C8-6038-C161A905E568}.Debug|x64.ActiveCfg = Debug|x64
		{F96DEEDE-5D1A-14C8-6038-C161A905E568}.Debug|x64.Build.0 = Debug|x64
		{F96DEEDE-5D1A-14C8-6038-C161A905E568}.Purify|Win32.ActiveCfg = Purify|Win32
		{F96DEEDE-5D1A-14C8-6038-C161A905E568}.Purify|Win32.Build.0 = Purify|Win32
		{F96DEEDE-5D1A-14C8-6038-C161A905E568}.Purify|x64.ActiveCfg = Purify|x64
		{F96DEEDE-5D1A-14C8-6038-C161A905E568}.Purify|x64.Build.0 = Purify|x64
		{F96DEEDE-5D1A-14C8-6038-C161A905E568}.Release|x64.ActiveCfg = Release|x64
		{F96DEEDE-5D1A-14C8-6038-C161A905E568}.Release|x64.Build.0 = Release|x64
		{F96DEEDE-5D1A-14C8-6038-C161A905E568}.Release|Win32.ActiveCfg = Release|Win32
		{F96DEEDE-5D1A-14C8-6038-C161A905E568}.Release|Win32.Build.0 = Release|Win32
	EndGlobalSection
	GlobalSection(SolutionProperties) = preSolution
		HideSolutionNode = FALSE
	EndGlobalSection
	GlobalSection(NestedProjects) = preSolution
		{96CB0F4F-A2EB-195A-B0B1-E4F2A2F4C03D} = {B05EE866-7301-8A46-8A8A-F9CEB18B6208}
		{33970CEB-6F70-7C5A-FAD3-E46F8BC37A5C} = {86DDC42D-492A-B7E2-29A9-DBF1D1AEDD7A}
		{8BAE12DF-F41A-D7A5-1267-E707C73CFE96} = {42E42CDA-5FD3-9BC1-D8FF-44951E05E4D9}
		{63A06EE6-F15B-6D0B-6F9D-EDE1D2F136C6} = {42E42CDA-5FD3-9BC1-D8FF-44951E05E4D9}
		{F96DEEDE-5D1A-14C8-6038-C161A905E568} = {33970CEB-6F70-7C5A-FAD3-E46F8BC37A5C}
		{7245B387-842E-117B-14F4-204EAED2BCF9} = {33970CEB-6F70-7C5A-FAD3-E46F8BC37A5C}
		{CCB996BA-617F-8128-CFD8-25EB4EE4E2FF} = {33970CEB-6F70-7C5A-FAD3-E46F8BC37A5C}
		{42E42CDA-5FD3-9BC1-D8FF-44951E05E4D9} = {96CB0F4F-A2EB-195A-B0B1-E4F2A2F4C03D}
	EndGlobalSection
EndGlobal
