Microsoft Visual Studio Solution File, Format Version 12.00
# Visual Studio 2017
Project("{2150E333-8FDC-42A3-9474-1A3956D46DE8}") = "(..)", "..", "{36257327-00FE-FF6D-A8D9-AFEE3537DAF0}"
EndProject
Project("{2150E333-8FDC-42A3-9474-1A3956D46DE8}") = "(..)", "..\..", "{DD240FE5-4D88-9C6C-E7C8-07717FEFF861}"
EndProject
Project("{2150E333-8FDC-42A3-9474-1A3956D46DE8}") = "(client)", "..\..\client", "{28792119-26E2-AEC3-9987-F0555AB71F7D}"
EndProject
Project("{2150E333-8FDC-42A3-9474-1A3956D46DE8}") = "(common)", "..\..\common", "{966EAD98-E26A-8CBB-7D17-53F53F32D282}"
EndProject
Project("{2150E333-8FDC-42A3-9474-1A3956D46DE8}") = "(converter)", "converter", "{A1915FB9-5FF2-916B-6C20-88F654E7F49B}"
EndProject
Project("{2150E333-8FDC-42A3-9474-1A3956D46DE8}") = "(dump_syms)", "dump_syms", "{F10AFEED-FEE6-5863-982A-D299B9708501}"
EndProject
Project("{2150E333-8FDC-42A3-9474-1A3956D46DE8}") = "(unittests)", "..\..\client\windows\unittests", "{213CE721-53A5-9BDB-417C-10A8F1859E95}"
EndProject
Project("{2150E333-8FDC-42A3-9474-1A3956D46DE8}") = "(windows)", "..\..\client\windows", "{71A1F55B-1AA7-3974-7C28-79F8C0F5D95E}"
EndProject
Project("{2150E333-8FDC-42A3-9474-1A3956D46DE8}") = "(windows)", "..\..\common\windows", "{EA8B6E00-1362-B7DD-0FC5-B6322C4418E1}"
EndProject
Project("{8BC9CEB8-8B4A-11D0-8D11-00A0C91BC942}") = "build_all", "build_all.vcxproj", "{3F75837B-F7F5-5F87-B8FE-42682C88E7F1}"
	ProjectSection(ProjectDependencies) = postProject
		{1463C4CD-23FC-4DE9-BFDE-283338200157} = {1463C4CD-23FC-4DE9-BFDE-283338200157}
		{3E3C3CB4-BBA7-DBC4-1FF8-FE479D66C906} = {3E3C3CB4-BBA7-DBC4-1FF8-FE479D66C906}
		{0A4A9761-0FA3-E153-A681-6685E682136B} = {0A4A9761-0FA3-E153-A681-6685E682136B}
		{3BBCFB6E-970F-14A4-AB4B-35BBF8FB4AB2} = {3BBCFB6E-970F-14A4-AB4B-35BBF8FB4AB2}
	EndProjectSection
EndProject
Project("{8BC9CEB8-8B4A-11D0-8D11-00A0C91BC942}") = "common_windows_lib", "..\..\common\windows\common_windows_lib.vcxproj", "{F96DEEDE-5D1A-14C8-6038-C161A905E568}"
	ProjectSection(ProjectDependencies) = postProject
		{CCB996BA-617F-8128-CFD8-25EB4EE4E2FF} = {CCB996BA-617F-8128-CFD8-25EB4EE4E2FF}
	EndProjectSection
EndProject
Project("{8BC9CEB8-8B4A-11D0-8D11-00A0C91BC942}") = "dia_sdk", "..\..\common\windows\dia_sdk.vcxproj", "{CCB996BA-617F-8128-CFD8-25EB4EE4E2FF}"
EndProject
Project("{8BC9CEB8-8B4A-11D0-8D11-00A0C91BC942}") = "dump_syms", "dump_syms\dump_syms.vcxproj", "{3E3C3CB4-BBA7-DBC4-1FF8-FE479D66C906}"
	ProjectSection(ProjectDependencies) = postProject
		{F96DEEDE-5D1A-14C8-6038-C161A905E568} = {F96DEEDE-5D1A-14C8-6038-C161A905E568}
		{CCB996BA-617F-8128-CFD8-25EB4EE4E2FF} = {CCB996BA-617F-8128-CFD8-25EB4EE4E2FF}
	EndProjectSection
EndProject
Project("{8BC9CEB8-8B4A-11D0-8D11-00A0C91BC942}") = "dump_syms_unittest", "dump_syms\dump_syms_unittest.vcxproj", "{0A4A9761-0FA3-E153-A681-6685E682136B}"
	ProjectSection(ProjectDependencies) = postProject
		{8BAE12DF-F41A-D7A5-1267-E707C73CFE96} = {8BAE12DF-F41A-D7A5-1267-E707C73CFE96}
		{63A06EE6-F15B-6D0B-6F9D-EDE1D2F136C6} = {63A06EE6-F15B-6D0B-6F9D-EDE1D2F136C6}
		{3E3C3CB4-BBA7-DBC4-1FF8-FE479D66C906} = {3E3C3CB4-BBA7-DBC4-1FF8-FE479D66C906}
	EndProjectSection
EndProject
Project("{8BC9CEB8-8B4A-11D0-8D11-00A0C91BC942}") = "gmock", "..\..\client\windows\unittests\gmock.vcxproj", "{8BAE12DF-F41A-D7A5-1267-E707C73CFE96}"
EndProject
Project("{8BC9CEB8-8B4A-11D0-8D11-00A0C91BC942}") = "gtest", "..\..\client\windows\unittests\gtest.vcxproj", "{63A06EE6-F15B-6D0B-6F9D-EDE1D2F136C6}"
EndProject
Project("{8BC9CEB8-8B4A-11D0-8D11-00A0C91BC942}") = "ms_symbol_server_converter", "converter\ms_symbol_server_converter.vcxproj", "{1463C4CD-23FC-4DE9-BFDE-283338200157}"
EndProject
Project("{8BC9CEB8-8B4A-11D0-8D11-00A0C91BC942}") = "symupload", "symupload\symupload.vcxproj", "{3BBCFB6E-970F-14A4-AB4B-35BBF8FB4AB2}"
	ProjectSection(ProjectDependencies) = postProject
		{F96DEEDE-5D1A-14C8-6038-C161A905E568} = {F96DEEDE-5D1A-14C8-6038-C161A905E568}
		{CCB996BA-617F-8128-CFD8-25EB4EE4E2FF} = {CCB996BA-617F-8128-CFD8-25EB4EE4E2FF}
	EndProjectSection
EndProject
Global
	GlobalSection(SolutionConfigurationPlatforms) = preSolution
		Debug|Win32 = Debug|Win32
		Debug|x64 = Debug|x64
		Purify|Win32 = Purify|Win32
		Purify|x64 = Purify|x64
		Release|x64 = Release|x64
		Release|Win32 = Release|Win32
	EndGlobalSection
	GlobalSection(ProjectConfigurationPlatforms) = postSolution
		{0A4A9761-0FA3-E153-A681-6685E682136B}.Debug|Win32.ActiveCfg = Debug|Win32
		{0A4A9761-0FA3-E153-A681-6685E682136B}.Debug|Win32.Build.0 = Debug|Win32
		{0A4A9761-0FA3-E153-A681-6685E682136B}.Debug|x64.ActiveCfg = Debug|x64
		{0A4A9761-0FA3-E153-A681-6685E682136B}.Debug|x64.Build.0 = Debug|x64
		{0A4A9761-0FA3-E153-A681-6685E682136B}.Purify|Win32.ActiveCfg = Purify|Win32
		{0A4A9761-0FA3-E153-A681-6685E682136B}.Purify|Win32.Build.0 = Purify|Win32
		{0A4A9761-0FA3-E153-A681-6685E682136B}.Purify|x64.ActiveCfg = Purify|x64
		{0A4A9761-0FA3-E153-A681-6685E682136B}.Purify|x64.Build.0 = Purify|x64
		{0A4A9761-0FA3-E153-A681-6685E682136B}.Release|x64.ActiveCfg = Release|x64
		{0A4A9761-0FA3-E153-A681-6685E682136B}.Release|x64.Build.0 = Release|x64
		{0A4A9761-0FA3-E153-A681-6685E682136B}.Release|Win32.ActiveCfg = Release|Win32
		{0A4A9761-0FA3-E153-A681-6685E682136B}.Release|Win32.Build.0 = Release|Win32
		{1463C4CD-23FC-4DE9-BFDE-283338200157}.Debug|Win32.ActiveCfg = Debug|Win32
		{1463C4CD-23FC-4DE9-BFDE-283338200157}.Debug|Win32.Build.0 = Debug|Win32
		{1463C4CD-23FC-4DE9-BFDE-283338200157}.Debug|x64.ActiveCfg = Debug|x64
		{1463C4CD-23FC-4DE9-BFDE-283338200157}.Debug|x64.Build.0 = Debug|x64
		{1463C4CD-23FC-4DE9-BFDE-283338200157}.Purify|Win32.ActiveCfg = Purify|Win32
		{1463C4CD-23FC-4DE9-BFDE-283338200157}.Purify|Win32.Build.0 = Purify|Win32
		{1463C4CD-23FC-4DE9-BFDE-283338200157}.Purify|x64.ActiveCfg = Purify|x64
		{1463C4CD-23FC-4DE9-BFDE-283338200157}.Purify|x64.Build.0 = Purify|x64
		{1463C4CD-23FC-4DE9-BFDE-283338200157}.Release|x64.ActiveCfg = Release|x64
		{1463C4CD-23FC-4DE9-BFDE-283338200157}.Release|x64.Build.0 = Release|x64
		{1463C4CD-23FC-4DE9-BFDE-283338200157}.Release|Win32.ActiveCfg = Release|Win32
		{1463C4CD-23FC-4DE9-BFDE-283338200157}.Release|Win32.Build.0 = Release|Win32
		{3BBCFB6E-970F-14A4-AB4B-35BBF8FB4AB2}.Debug|Win32.ActiveCfg = Debug|Win32
		{3BBCFB6E-970F-14A4-AB4B-35BBF8FB4AB2}.Debug|Win32.Build.0 = Debug|Win32
		{3BBCFB6E-970F-14A4-AB4B-35BBF8FB4AB2}.Debug|x64.ActiveCfg = Debug|x64
		{3BBCFB6E-970F-14A4-AB4B-35BBF8FB4AB2}.Debug|x64.Build.0 = Debug|x64
		{3BBCFB6E-970F-14A4-AB4B-35BBF8FB4AB2}.Purify|Win32.ActiveCfg = Purify|Win32
		{3BBCFB6E-970F-14A4-AB4B-35BBF8FB4AB2}.Purify|Win32.Build.0 = Purify|Win32
		{3BBCFB6E-970F-14A4-AB4B-35BBF8FB4AB2}.Purify|x64.ActiveCfg = Purify|x64
		{3BBCFB6E-970F-14A4-AB4B-35BBF8FB4AB2}.Purify|x64.Build.0 = Purify|x64
		{3BBCFB6E-970F-14A4-AB4B-35BBF8FB4AB2}.Release|x64.ActiveCfg = Release|x64
		{3BBCFB6E-970F-14A4-AB4B-35BBF8FB4AB2}.Release|x64.Build.0 = Release|x64
		{3BBCFB6E-970F-14A4-AB4B-35BBF8FB4AB2}.Release|Win32.ActiveCfg = Release|Win32
		{3BBCFB6E-970F-14A4-AB4B-35BBF8FB4AB2}.Release|Win32.Build.0 = Release|Win32
		{3E3C3CB4-BBA7-DBC4-1FF8-FE479D66C906}.Debug|Win32.ActiveCfg = Debug|Win32
		{3E3C3CB4-BBA7-DBC4-1FF8-FE479D66C906}.Debug|Win32.Build.0 = Debug|Win32
		{3E3C3CB4-BBA7-DBC4-1FF8-FE479D66C906}.Debug|x64.ActiveCfg = Debug|x64
		{3E3C3CB4-BBA7-DBC4-1FF8-FE479D66C906}.Debug|x64.Build.0 = Debug|x64
		{3E3C3CB4-BBA7-DBC4-1FF8-FE479D66C906}.Purify|Win32.ActiveCfg = Purify|Win32
		{3E3C3CB4-BBA7-DBC4-1FF8-FE479D66C906}.Purify|Win32.Build.0 = Purify|Win32
		{3E3C3CB4-BBA7-DBC4-1FF8-FE479D66C906}.Purify|x64.ActiveCfg = Purify|x64
		{3E3C3CB4-BBA7-DBC4-1FF8-FE479D66C906}.Purify|x64.Build.0 = Purify|x64
		{3E3C3CB4-BBA7-DBC4-1FF8-FE479D66C906}.Release|x64.ActiveCfg = Release|x64
		{3E3C3CB4-BBA7-DBC4-1FF8-FE479D66C906}.Release|x64.Build.0 = Release|x64
		{3E3C3CB4-BBA7-DBC4-1FF8-FE479D66C906}.Release|Win32.ActiveCfg = Release|Win32
		{3E3C3CB4-BBA7-DBC4-1FF8-FE479D66C906}.Release|Win32.Build.0 = Release|Win32
		{3F75837B-F7F5-5F87-B8FE-42682C88E7F1}.Debug|Win32.ActiveCfg = Debug|Win32
		{3F75837B-F7F5-5F87-B8FE-42682C88E7F1}.Debug|Win32.Build.0 = Debug|Win32
		{3F75837B-F7F5-5F87-B8FE-42682C88E7F1}.Debug|x64.ActiveCfg = Debug|x64
		{3F75837B-F7F5-5F87-B8FE-42682C88E7F1}.Debug|x64.Build.0 = Debug|x64
		{3F75837B-F7F5-5F87-B8FE-42682C88E7F1}.Purify|Win32.ActiveCfg = Purify|Win32
		{3F75837B-F7F5-5F87-B8FE-42682C88E7F1}.Purify|Win32.Build.0 = Purify|Win32
		{3F75837B-F7F5-5F87-B8FE-42682C88E7F1}.Purify|x64.ActiveCfg = Purify|x64
		{3F75837B-F7F5-5F87-B8FE-42682C88E7F1}.Purify|x64.Build.0 = Purify|x64
		{3F75837B-F7F5-5F87-B8FE-42682C88E7F1}.Release|x64.ActiveCfg = Release|x64
		{3F75837B-F7F5-5F87-B8FE-42682C88E7F1}.Release|x64.Build.0 = Release|x64
		{3F75837B-F7F5-5F87-B8FE-42682C88E7F1}.Release|Win32.ActiveCfg = Release|Win32
		{3F75837B-F7F5-5F87-B8FE-42682C88E7F1}.Release|Win32.Build.0 = Release|Win32
		{63A06EE6-F15B-6D0B-6F9D-EDE1D2F136C6}.Debug|Win32.ActiveCfg = Debug|Win32
		{63A06EE6-F15B-6D0B-6F9D-EDE1D2F136C6}.Debug|Win32.Build.0 = Debug|Win32
		{63A06EE6-F15B-6D0B-6F9D-EDE1D2F136C6}.Debug|x64.ActiveCfg = Debug|x64
		{63A06EE6-F15B-6D0B-6F9D-EDE1D2F136C6}.Debug|x64.Build.0 = Debug|x64
		{63A06EE6-F15B-6D0B-6F9D-EDE1D2F136C6}.Purify|Win32.ActiveCfg = Purify|Win32
		{63A06EE6-F15B-6D0B-6F9D-EDE1D2F136C6}.Purify|Win32.Build.0 = Purify|Win32
		{63A06EE6-F15B-6D0B-6F9D-EDE1D2F136C6}.Purify|x64.ActiveCfg = Purify|x64
		{63A06EE6-F15B-6D0B-6F9D-EDE1D2F136C6}.Purify|x64.Build.0 = Purify|x64
		{63A06EE6-F15B-6D0B-6F9D-EDE1D2F136C6}.Release|x64.ActiveCfg = Release|x64
		{63A06EE6-F15B-6D0B-6F9D-EDE1D2F136C6}.Release|x64.Build.0 = Release|x64
		{63A06EE6-F15B-6D0B-6F9D-EDE1D2F136C6}.Release|Win32.ActiveCfg = Release|Win32
		{63A06EE6-F15B-6D0B-6F9D-EDE1D2F136C6}.Release|Win32.Build.0 = Release|Win32
		{8BAE12DF-F41A-D7A5-1267-E707C73CFE96}.Debug|Win32.ActiveCfg = Debug|Win32
		{8BAE12DF-F41A-D7A5-1267-E707C73CFE96}.Debug|Win32.Build.0 = Debug|Win32
		{8BAE12DF-F41A-D7A5-1267-E707C73CFE96}.Debug|x64.ActiveCfg = Debug|x64
		{8BAE12DF-F41A-D7A5-1267-E707C73CFE96}.Debug|x64.Build.0 = Debug|x64
		{8BAE12DF-F41A-D7A5-1267-E707C73CFE96}.Purify|Win32.ActiveCfg = Purify|Win32
		{8BAE12DF-F41A-D7A5-1267-E707C73CFE96}.Purify|Win32.Build.0 = Purify|Win32
		{8BAE12DF-F41A-D7A5-1267-E707C73CFE96}.Purify|x64.ActiveCfg = Purify|x64
		{8BAE12DF-F41A-D7A5-1267-E707C73CFE96}.Purify|x64.Build.0 = Purify|x64
		{8BAE12DF-F41A-D7A5-1267-E707C73CFE96}.Release|x64.ActiveCfg = Release|x64
		{8BAE12DF-F41A-D7A5-1267-E707C73CFE96}.Release|x64.Build.0 = Release|x64
		{8BAE12DF-F41A-D7A5-1267-E707C73CFE96}.Release|Win32.ActiveCfg = Release|Win32
		{8BAE12DF-F41A-D7A5-1267-E707C73CFE96}.Release|Win32.Build.0 = Release|Win32
		{CCB996BA-617F-8128-CFD8-25EB4EE4E2FF}.Debug|Win32.ActiveCfg = Debug|Win32
		{CCB996BA-617F-8128-CFD8-25EB4EE4E2FF}.Debug|Win32.Build.0 = Debug|Win32
		{CCB996BA-617F-8128-CFD8-25EB4EE4E2FF}.Debug|x64.ActiveCfg = Debug|x64
		{CCB996BA-617F-8128-CFD8-25EB4EE4E2FF}.Debug|x64.Build.0 = Debug|x64
		{CCB996BA-617F-8128-CFD8-25EB4EE4E2FF}.Purify|Win32.ActiveCfg = Purify|Win32
		{CCB996BA-617F-8128-CFD8-25EB4EE4E2FF}.Purify|Win32.Build.0 = Purify|Win32
		{CCB996BA-617F-8128-CFD8-25EB4EE4E2FF}.Purify|x64.ActiveCfg = Purify|x64
		{CCB996BA-617F-8128-CFD8-25EB4EE4E2FF}.Purify|x64.Build.0 = Purify|x64
		{CCB996BA-617F-8128-CFD8-25EB4EE4E2FF}.Release|x64.ActiveCfg = Release|x64
		{CCB996BA-617F-8128-CFD8-25EB4EE4E2FF}.Release|x64.Build.0 = Release|x64
		{CCB996BA-617F-8128-CFD8-25EB4EE4E2FF}.Release|Win32.ActiveCfg = Release|Win32
		{CCB996BA-617F-8128-CFD8-25EB4EE4E2FF}.Release|Win32.Build.0 = Release|Win32
		{F96DEEDE-5D1A-14C8-6038-C161A905E568}.Debug|Win32.ActiveCfg = Debug|Win32
		{F96DEEDE-5D1A-14C8-6038-C161A905E568}.Debug|Win32.Build.0 = Debug|Win32
		{F96DEEDE-5D1A-14C8-6038-C161A905E568}.Debug|x64.ActiveCfg = Debug|x64
		{F96DEEDE-5D1A-14C8-6038-C161A905E568}.Debug|x64.Build.0 = Debug|x64
		{F96DEEDE-5D1A-14C8-6038-C161A905E568}.Purify|Win32.ActiveCfg = Purify|Win32
		{F96DEEDE-5D1A-14C8-6038-C161A905E568}.Purify|Win32.Build.0 = Purify|Win32
		{F96DEEDE-5D1A-14C8-6038-C161A905E568}.Purify|x64.ActiveCfg = Purify|x64
		{F96DEEDE-5D1A-14C8-6038-C161A905E568}.Purify|x64.Build.0 = Purify|x64
		{F96DEEDE-5D1A-14C8-6038-C161A905E568}.Release|x64.ActiveCfg = Release|x64
		{F96DEEDE-5D1A-14C8-6038-C161A905E568}.Release|x64.Build.0 = Release|x64
		{F96DEEDE-5D1A-14C8-6038-C161A905E568}.Release|Win32.ActiveCfg = Release|Win32
		{F96DEEDE-5D1A-14C8-6038-C161A905E568}.Release|Win32.Build.0 = Release|Win32
	EndGlobalSection
	GlobalSection(SolutionProperties) = preSolution
		HideSolutionNode = FALSE
	EndGlobalSection
	GlobalSection(NestedProjects) = preSolution
		{DD240FE5-4D88-9C6C-E7C8-07717FEFF861} = {36257327-00FE-FF6D-A8D9-AFEE3537DAF0}
		{28792119-26E2-AEC3-9987-F0555AB71F7D} = {DD240FE5-4D88-9C6C-E7C8-07717FEFF861}
		{966EAD98-E26A-8CBB-7D17-53F53F32D282} = {DD240FE5-4D88-9C6C-E7C8-07717FEFF861}
		{71A1F55B-1AA7-3974-7C28-79F8C0F5D95E} = {28792119-26E2-AEC3-9987-F0555AB71F7D}
		{EA8B6E00-1362-B7DD-0FC5-B6322C4418E1} = {966EAD98-E26A-8CBB-7D17-53F53F32D282}
		{1463C4CD-23FC-4DE9-BFDE-283338200157} = {A1915FB9-5FF2-916B-6C20-88F654E7F49B}
		{3E3C3CB4-BBA7-DBC4-1FF8-FE479D66C906} = {F10AFEED-FEE6-5863-982A-D299B9708501}
		{0A4A9761-0FA3-E153-A681-6685E682136B} = {F10AFEED-FEE6-5863-982A-D299B9708501}
		{8BAE12DF-F41A-D7A5-1267-E707C73CFE96} = {213CE721-53A5-9BDB-417C-10A8F1859E95}
		{63A06EE6-F15B-6D0B-6F9D-EDE1D2F136C6} = {213CE721-53A5-9BDB-417C-10A8F1859E95}
		{213CE721-53A5-9BDB-417C-10A8F1859E95} = {71A1F55B-1AA7-3974-7C28-79F8C0F5D95E}
		{F96DEEDE-5D1A-14C8-6038-C161A905E568} = {EA8B6E00-1362-B7DD-0FC5-B6322C4418E1}
		{CCB996BA-617F-8128-CFD8-25EB4EE4E2FF} = {EA8B6E00-1362-B7DD-0FC5-B6322C4418E1}
	EndGlobalSection
EndGlobal
